// !$*UTF8*$!
{
	archiveVersion = 1;
	classes = {
	};
	objectVersion = 56;
	objects = {

/* Begin PBXBuildFile section */
		6E5328472A3B02ED0075CF37 /* AppDelegate.swift in Sources */ = {isa = PBXBuildFile; fileRef = 6E5328462A3B02ED0075CF37 /* AppDelegate.swift */; };
		6E5328492A3B02ED0075CF37 /* SceneDelegate.swift in Sources */ = {isa = PBXBuildFile; fileRef = 6E5328482A3B02ED0075CF37 /* SceneDelegate.swift */; };
		6E53284B2A3B02ED0075CF37 /* RFHomeVC.swift in Sources */ = {isa = PBXBuildFile; fileRef = 6E53284A2A3B02ED0075CF37 /* RFHomeVC.swift */; };
		6E53284E2A3B02ED0075CF37 /* Main.storyboard in Resources */ = {isa = PBXBuildFile; fileRef = 6E53284C2A3B02ED0075CF37 /* Main.storyboard */; };
		6E5328512A3B02ED0075CF37 /* RepoFinder.xcdatamodeld in Sources */ = {isa = PBXBuildFile; fileRef = 6E53284F2A3B02ED0075CF37 /* RepoFinder.xcdatamodeld */; };
		6E5328532A3B02ED0075CF37 /* Assets.xcassets in Resources */ = {isa = PBXBuildFile; fileRef = 6E5328522A3B02ED0075CF37 /* Assets.xcassets */; };
		6E5328562A3B02ED0075CF37 /* LaunchScreen.storyboard in Resources */ = {isa = PBXBuildFile; fileRef = 6E5328542A3B02ED0075CF37 /* LaunchScreen.storyboard */; };
		6E5328612A3B02EE0075CF37 /* RepoFinderTests.swift in Sources */ = {isa = PBXBuildFile; fileRef = 6E5328602A3B02EE0075CF37 /* RepoFinderTests.swift */; };
		6E53286B2A3B02EE0075CF37 /* RepoFinderUITests.swift in Sources */ = {isa = PBXBuildFile; fileRef = 6E53286A2A3B02EE0075CF37 /* RepoFinderUITests.swift */; };
		6E53286D2A3B02EE0075CF37 /* RepoFinderUITestsLaunchTests.swift in Sources */ = {isa = PBXBuildFile; fileRef = 6E53286C2A3B02EE0075CF37 /* RepoFinderUITestsLaunchTests.swift */; };
		6E63EA262A3B042E00267F0C /* RFRepoFinderVM.swift in Sources */ = {isa = PBXBuildFile; fileRef = 6E63EA252A3B042E00267F0C /* RFRepoFinderVM.swift */; };
		6EF8C27A2A3B084C00DB0E28 /* RFRepoDetailsVC.swift in Sources */ = {isa = PBXBuildFile; fileRef = 6EF8C2792A3B084C00DB0E28 /* RFRepoDetailsVC.swift */; };
		6EF8C27C2A3B0F3200DB0E28 /* RFCommitListVC.swift in Sources */ = {isa = PBXBuildFile; fileRef = 6EF8C27B2A3B0F3200DB0E28 /* RFCommitListVC.swift */; };
		6EF8C27E2A3B0F9D00DB0E28 /* RFUserDetailsVC.swift in Sources */ = {isa = PBXBuildFile; fileRef = 6EF8C27D2A3B0F9D00DB0E28 /* RFUserDetailsVC.swift */; };
		6EF8C2812A3B102200DB0E28 /* UIStoryboard+Extension.swift in Sources */ = {isa = PBXBuildFile; fileRef = 6EF8C2802A3B102200DB0E28 /* UIStoryboard+Extension.swift */; };
		6EF8C2832A3B17E100DB0E28 /* RFRepoListTVCell.swift in Sources */ = {isa = PBXBuildFile; fileRef = 6EF8C2822A3B17E100DB0E28 /* RFRepoListTVCell.swift */; };
		6EF8C2852A3B190100DB0E28 /* Constants.swift in Sources */ = {isa = PBXBuildFile; fileRef = 6EF8C2842A3B190100DB0E28 /* Constants.swift */; };
		6EF8C2872A3B241500DB0E28 /* RepositoryModels.swift in Sources */ = {isa = PBXBuildFile; fileRef = 6EF8C2862A3B241500DB0E28 /* RepositoryModels.swift */; };
		6EF8C2892A3B24EA00DB0E28 /* GitHubApiClient.swift in Sources */ = {isa = PBXBuildFile; fileRef = 6EF8C2882A3B24EA00DB0E28 /* GitHubApiClient.swift */; };
		6EF8C28B2A3B29A200DB0E28 /* UIViewController+Extension.swift in Sources */ = {isa = PBXBuildFile; fileRef = 6EF8C28A2A3B29A200DB0E28 /* UIViewController+Extension.swift */; };
		6EF8C28D2A3B2ECB00DB0E28 /* LoaderView.swift in Sources */ = {isa = PBXBuildFile; fileRef = 6EF8C28C2A3B2ECA00DB0E28 /* LoaderView.swift */; };
/* End PBXBuildFile section */

/* Begin PBXContainerItemProxy section */
		6E53285D2A3B02EE0075CF37 /* PBXContainerItemProxy */ = {
			isa = PBXContainerItemProxy;
			containerPortal = 6E53283B2A3B02ED0075CF37 /* Project object */;
			proxyType = 1;
			remoteGlobalIDString = 6E5328422A3B02ED0075CF37;
			remoteInfo = RepoFinder;
		};
		6E5328672A3B02EE0075CF37 /* PBXContainerItemProxy */ = {
			isa = PBXContainerItemProxy;
			containerPortal = 6E53283B2A3B02ED0075CF37 /* Project object */;
			proxyType = 1;
			remoteGlobalIDString = 6E5328422A3B02ED0075CF37;
			remoteInfo = RepoFinder;
		};
/* End PBXContainerItemProxy section */

/* Begin PBXFileReference section */
		6E5328432A3B02ED0075CF37 /* RepoFinder.app */ = {isa = PBXFileReference; explicitFileType = wrapper.application; includeInIndex = 0; path = RepoFinder.app; sourceTree = BUILT_PRODUCTS_DIR; };
		6E5328462A3B02ED0075CF37 /* AppDelegate.swift */ = {isa = PBXFileReference; lastKnownFileType = sourcecode.swift; path = AppDelegate.swift; sourceTree = "<group>"; };
		6E5328482A3B02ED0075CF37 /* SceneDelegate.swift */ = {isa = PBXFileReference; lastKnownFileType = sourcecode.swift; path = SceneDelegate.swift; sourceTree = "<group>"; };
		6E53284A2A3B02ED0075CF37 /* RFHomeVC.swift */ = {isa = PBXFileReference; lastKnownFileType = sourcecode.swift; path = RFHomeVC.swift; sourceTree = "<group>"; };
		6E53284D2A3B02ED0075CF37 /* Base */ = {isa = PBXFileReference; lastKnownFileType = file.storyboard; name = Base; path = Base.lproj/Main.storyboard; sourceTree = "<group>"; };
		6E5328502A3B02ED0075CF37 /* RepoFinder.xcdatamodel */ = {isa = PBXFileReference; lastKnownFileType = wrapper.xcdatamodel; path = RepoFinder.xcdatamodel; sourceTree = "<group>"; };
		6E5328522A3B02ED0075CF37 /* Assets.xcassets */ = {isa = PBXFileReference; lastKnownFileType = folder.assetcatalog; path = Assets.xcassets; sourceTree = "<group>"; };
		6E5328552A3B02ED0075CF37 /* Base */ = {isa = PBXFileReference; lastKnownFileType = file.storyboard; name = Base; path = Base.lproj/LaunchScreen.storyboard; sourceTree = "<group>"; };
		6E5328572A3B02ED0075CF37 /* Info.plist */ = {isa = PBXFileReference; lastKnownFileType = text.plist.xml; path = Info.plist; sourceTree = "<group>"; };
		6E53285C2A3B02EE0075CF37 /* RepoFinderTests.xctest */ = {isa = PBXFileReference; explicitFileType = wrapper.cfbundle; includeInIndex = 0; path = RepoFinderTests.xctest; sourceTree = BUILT_PRODUCTS_DIR; };
		6E5328602A3B02EE0075CF37 /* RepoFinderTests.swift */ = {isa = PBXFileReference; lastKnownFileType = sourcecode.swift; path = RepoFinderTests.swift; sourceTree = "<group>"; };
		6E5328662A3B02EE0075CF37 /* RepoFinderUITests.xctest */ = {isa = PBXFileReference; explicitFileType = wrapper.cfbundle; includeInIndex = 0; path = RepoFinderUITests.xctest; sourceTree = BUILT_PRODUCTS_DIR; };
		6E53286A2A3B02EE0075CF37 /* RepoFinderUITests.swift */ = {isa = PBXFileReference; lastKnownFileType = sourcecode.swift; path = RepoFinderUITests.swift; sourceTree = "<group>"; };
		6E53286C2A3B02EE0075CF37 /* RepoFinderUITestsLaunchTests.swift */ = {isa = PBXFileReference; lastKnownFileType = sourcecode.swift; path = RepoFinderUITestsLaunchTests.swift; sourceTree = "<group>"; };
		6E63EA252A3B042E00267F0C /* RFRepoFinderVM.swift */ = {isa = PBXFileReference; lastKnownFileType = sourcecode.swift; path = RFRepoFinderVM.swift; sourceTree = "<group>"; };
		6EF8C2792A3B084C00DB0E28 /* RFRepoDetailsVC.swift */ = {isa = PBXFileReference; lastKnownFileType = sourcecode.swift; path = RFRepoDetailsVC.swift; sourceTree = "<group>"; };
		6EF8C27B2A3B0F3200DB0E28 /* RFCommitListVC.swift */ = {isa = PBXFileReference; lastKnownFileType = sourcecode.swift; path = RFCommitListVC.swift; sourceTree = "<group>"; };
		6EF8C27D2A3B0F9D00DB0E28 /* RFUserDetailsVC.swift */ = {isa = PBXFileReference; lastKnownFileType = sourcecode.swift; path = RFUserDetailsVC.swift; sourceTree = "<group>"; };
		6EF8C2802A3B102200DB0E28 /* UIStoryboard+Extension.swift */ = {isa = PBXFileReference; fileEncoding = 4; lastKnownFileType = sourcecode.swift; path = "UIStoryboard+Extension.swift"; sourceTree = "<group>"; };
		6EF8C2822A3B17E100DB0E28 /* RFRepoListTVCell.swift */ = {isa = PBXFileReference; lastKnownFileType = sourcecode.swift; path = RFRepoListTVCell.swift; sourceTree = "<group>"; };
		6EF8C2842A3B190100DB0E28 /* Constants.swift */ = {isa = PBXFileReference; lastKnownFileType = sourcecode.swift; path = Constants.swift; sourceTree = "<group>"; };
		6EF8C2862A3B241500DB0E28 /* RepositoryModels.swift */ = {isa = PBXFileReference; lastKnownFileType = sourcecode.swift; path = RepositoryModels.swift; sourceTree = "<group>"; };
		6EF8C2882A3B24EA00DB0E28 /* GitHubApiClient.swift */ = {isa = PBXFileReference; lastKnownFileType = sourcecode.swift; path = GitHubApiClient.swift; sourceTree = "<group>"; };
		6EF8C28A2A3B29A200DB0E28 /* UIViewController+Extension.swift */ = {isa = PBXFileReference; lastKnownFileType = sourcecode.swift; path = "UIViewController+Extension.swift"; sourceTree = "<group>"; };
		6EF8C28C2A3B2ECA00DB0E28 /* LoaderView.swift */ = {isa = PBXFileReference; lastKnownFileType = sourcecode.swift; path = LoaderView.swift; sourceTree = "<group>"; };
/* End PBXFileReference section */

/* Begin PBXFrameworksBuildPhase section */
		6E5328402A3B02ED0075CF37 /* Frameworks */ = {
			isa = PBXFrameworksBuildPhase;
			buildActionMask = 2147483647;
			files = (
			);
			runOnlyForDeploymentPostprocessing = 0;
		};
		6E5328592A3B02EE0075CF37 /* Frameworks */ = {
			isa = PBXFrameworksBuildPhase;
			buildActionMask = 2147483647;
			files = (
			);
			runOnlyForDeploymentPostprocessing = 0;
		};
		6E5328632A3B02EE0075CF37 /* Frameworks */ = {
			isa = PBXFrameworksBuildPhase;
			buildActionMask = 2147483647;
			files = (
			);
			runOnlyForDeploymentPostprocessing = 0;
		};
/* End PBXFrameworksBuildPhase section */

/* Begin PBXGroup section */
		6E53283A2A3B02ED0075CF37 = {
			isa = PBXGroup;
			children = (
				6E5328452A3B02ED0075CF37 /* RepoFinder */,
				6E53285F2A3B02EE0075CF37 /* RepoFinderTests */,
				6E5328692A3B02EE0075CF37 /* RepoFinderUITests */,
				6E5328442A3B02ED0075CF37 /* Products */,
			);
			sourceTree = "<group>";
		};
		6E5328442A3B02ED0075CF37 /* Products */ = {
			isa = PBXGroup;
			children = (
				6E5328432A3B02ED0075CF37 /* RepoFinder.app */,
				6E53285C2A3B02EE0075CF37 /* RepoFinderTests.xctest */,
				6E5328662A3B02EE0075CF37 /* RepoFinderUITests.xctest */,
			);
			name = Products;
			sourceTree = "<group>";
		};
		6E5328452A3B02ED0075CF37 /* RepoFinder */ = {
			isa = PBXGroup;
			children = (
				6E63EA202A3B036800267F0C /* Feature */,
				6E63EA1F2A3B036200267F0C /* SingleTons */,
				6EF8C2712A3B071D00DB0E28 /* Helpers */,
				6E63EA1E2A3B035F00267F0C /* Resources */,
				6E5328572A3B02ED0075CF37 /* Info.plist */,
				6E53284F2A3B02ED0075CF37 /* RepoFinder.xcdatamodeld */,
			);
			path = RepoFinder;
			sourceTree = "<group>";
		};
		6E53285F2A3B02EE0075CF37 /* RepoFinderTests */ = {
			isa = PBXGroup;
			children = (
				6E5328602A3B02EE0075CF37 /* RepoFinderTests.swift */,
			);
			path = RepoFinderTests;
			sourceTree = "<group>";
		};
		6E5328692A3B02EE0075CF37 /* RepoFinderUITests */ = {
			isa = PBXGroup;
			children = (
				6E53286A2A3B02EE0075CF37 /* RepoFinderUITests.swift */,
				6E53286C2A3B02EE0075CF37 /* RepoFinderUITestsLaunchTests.swift */,
			);
			path = RepoFinderUITests;
			sourceTree = "<group>";
		};
		6E63EA1E2A3B035F00267F0C /* Resources */ = {
			isa = PBXGroup;
			children = (
				6EF8C27F2A3B100300DB0E28 /* Extension */,
				6E5328462A3B02ED0075CF37 /* AppDelegate.swift */,
				6E5328482A3B02ED0075CF37 /* SceneDelegate.swift */,
				6E5328522A3B02ED0075CF37 /* Assets.xcassets */,
				6E5328542A3B02ED0075CF37 /* LaunchScreen.storyboard */,
				6EF8C2842A3B190100DB0E28 /* Constants.swift */,
			);
			path = Resources;
			sourceTree = "<group>";
		};
		6E63EA1F2A3B036200267F0C /* SingleTons */ = {
			isa = PBXGroup;
			children = (
				6EF8C2882A3B24EA00DB0E28 /* GitHubApiClient.swift */,
				6EF8C28C2A3B2ECA00DB0E28 /* LoaderView.swift */,
			);
			path = SingleTons;
			sourceTree = "<group>";
		};
		6E63EA202A3B036800267F0C /* Feature */ = {
			isa = PBXGroup;
			children = (
				6E63EA242A3B039A00267F0C /* Model */,
				6E63EA232A3B039600267F0C /* View */,
				6E63EA222A3B039300267F0C /* ViewModel */,
				6E63EA212A3B039000267F0C /* Controllers */,
			);
			path = Feature;
			sourceTree = "<group>";
		};
		6E63EA212A3B039000267F0C /* Controllers */ = {
			isa = PBXGroup;
			children = (
				6E53284A2A3B02ED0075CF37 /* RFHomeVC.swift */,
				6EF8C2792A3B084C00DB0E28 /* RFRepoDetailsVC.swift */,
				6EF8C27B2A3B0F3200DB0E28 /* RFCommitListVC.swift */,
				6EF8C27D2A3B0F9D00DB0E28 /* RFUserDetailsVC.swift */,
			);
			path = Controllers;
			sourceTree = "<group>";
		};
		6E63EA222A3B039300267F0C /* ViewModel */ = {
			isa = PBXGroup;
			children = (
				6E63EA252A3B042E00267F0C /* RFRepoFinderVM.swift */,
			);
			path = ViewModel;
			sourceTree = "<group>";
		};
		6E63EA232A3B039600267F0C /* View */ = {
			isa = PBXGroup;
			children = (
				6E53284C2A3B02ED0075CF37 /* Main.storyboard */,
				6EF8C2822A3B17E100DB0E28 /* RFRepoListTVCell.swift */,
			);
			path = View;
			sourceTree = "<group>";
		};
		6E63EA242A3B039A00267F0C /* Model */ = {
			isa = PBXGroup;
			children = (
				6EF8C2862A3B241500DB0E28 /* RepositoryModels.swift */,
			);
			path = Model;
			sourceTree = "<group>";
		};
		6EF8C2712A3B071D00DB0E28 /* Helpers */ = {
			isa = PBXGroup;
			children = (
			);
			path = Helpers;
			sourceTree = "<group>";
		};
		6EF8C27F2A3B100300DB0E28 /* Extension */ = {
			isa = PBXGroup;
			children = (
				6EF8C2802A3B102200DB0E28 /* UIStoryboard+Extension.swift */,
				6EF8C28A2A3B29A200DB0E28 /* UIViewController+Extension.swift */,
			);
			path = Extension;
			sourceTree = "<group>";
		};
/* End PBXGroup section */

/* Begin PBXNativeTarget section */
		6E5328422A3B02ED0075CF37 /* RepoFinder */ = {
			isa = PBXNativeTarget;
			buildConfigurationList = 6E5328702A3B02EE0075CF37 /* Build configuration list for PBXNativeTarget "RepoFinder" */;
			buildPhases = (
				6E53283F2A3B02ED0075CF37 /* Sources */,
				6E5328402A3B02ED0075CF37 /* Frameworks */,
				6E5328412A3B02ED0075CF37 /* Resources */,
			);
			buildRules = (
			);
			dependencies = (
			);
			name = RepoFinder;
			productName = RepoFinder;
			productReference = 6E5328432A3B02ED0075CF37 /* RepoFinder.app */;
			productType = "com.apple.product-type.application";
		};
		6E53285B2A3B02EE0075CF37 /* RepoFinderTests */ = {
			isa = PBXNativeTarget;
			buildConfigurationList = 6E5328732A3B02EE0075CF37 /* Build configuration list for PBXNativeTarget "RepoFinderTests" */;
			buildPhases = (
				6E5328582A3B02EE0075CF37 /* Sources */,
				6E5328592A3B02EE0075CF37 /* Frameworks */,
				6E53285A2A3B02EE0075CF37 /* Resources */,
			);
			buildRules = (
			);
			dependencies = (
				6E53285E2A3B02EE0075CF37 /* PBXTargetDependency */,
			);
			name = RepoFinderTests;
			productName = RepoFinderTests;
			productReference = 6E53285C2A3B02EE0075CF37 /* RepoFinderTests.xctest */;
			productType = "com.apple.product-type.bundle.unit-test";
		};
		6E5328652A3B02EE0075CF37 /* RepoFinderUITests */ = {
			isa = PBXNativeTarget;
			buildConfigurationList = 6E5328762A3B02EE0075CF37 /* Build configuration list for PBXNativeTarget "RepoFinderUITests" */;
			buildPhases = (
				6E5328622A3B02EE0075CF37 /* Sources */,
				6E5328632A3B02EE0075CF37 /* Frameworks */,
				6E5328642A3B02EE0075CF37 /* Resources */,
			);
			buildRules = (
			);
			dependencies = (
				6E5328682A3B02EE0075CF37 /* PBXTargetDependency */,
			);
			name = RepoFinderUITests;
			productName = RepoFinderUITests;
			productReference = 6E5328662A3B02EE0075CF37 /* RepoFinderUITests.xctest */;
			productType = "com.apple.product-type.bundle.ui-testing";
		};
/* End PBXNativeTarget section */

/* Begin PBXProject section */
		6E53283B2A3B02ED0075CF37 /* Project object */ = {
			isa = PBXProject;
			attributes = {
				BuildIndependentTargetsInParallel = 1;
				LastSwiftUpdateCheck = 1430;
				LastUpgradeCheck = 1430;
				TargetAttributes = {
					6E5328422A3B02ED0075CF37 = {
						CreatedOnToolsVersion = 14.3;
					};
					6E53285B2A3B02EE0075CF37 = {
						CreatedOnToolsVersion = 14.3;
						TestTargetID = 6E5328422A3B02ED0075CF37;
					};
					6E5328652A3B02EE0075CF37 = {
						CreatedOnToolsVersion = 14.3;
						TestTargetID = 6E5328422A3B02ED0075CF37;
					};
				};
			};
			buildConfigurationList = 6E53283E2A3B02ED0075CF37 /* Build configuration list for PBXProject "RepoFinder" */;
			compatibilityVersion = "Xcode 14.0";
			developmentRegion = en;
			hasScannedForEncodings = 0;
			knownRegions = (
				en,
				Base,
			);
			mainGroup = 6E53283A2A3B02ED0075CF37;
			productRefGroup = 6E5328442A3B02ED0075CF37 /* Products */;
			projectDirPath = "";
			projectRoot = "";
			targets = (
				6E5328422A3B02ED0075CF37 /* RepoFinder */,
				6E53285B2A3B02EE0075CF37 /* RepoFinderTests */,
				6E5328652A3B02EE0075CF37 /* RepoFinderUITests */,
			);
		};
/* End PBXProject section */

/* Begin PBXResourcesBuildPhase section */
		6E5328412A3B02ED0075CF37 /* Resources */ = {
			isa = PBXResourcesBuildPhase;
			buildActionMask = 2147483647;
			files = (
				6E5328562A3B02ED0075CF37 /* LaunchScreen.storyboard in Resources */,
				6E5328532A3B02ED0075CF37 /* Assets.xcassets in Resources */,
				6E53284E2A3B02ED0075CF37 /* Main.storyboard in Resources */,
			);
			runOnlyForDeploymentPostprocessing = 0;
		};
		6E53285A2A3B02EE0075CF37 /* Resources */ = {
			isa = PBXResourcesBuildPhase;
			buildActionMask = 2147483647;
			files = (
			);
			runOnlyForDeploymentPostprocessing = 0;
		};
		6E5328642A3B02EE0075CF37 /* Resources */ = {
			isa = PBXResourcesBuildPhase;
			buildActionMask = 2147483647;
			files = (
			);
			runOnlyForDeploymentPostprocessing = 0;
		};
/* End PBXResourcesBuildPhase section */

/* Begin PBXSourcesBuildPhase section */
		6E53283F2A3B02ED0075CF37 /* Sources */ = {
			isa = PBXSourcesBuildPhase;
			buildActionMask = 2147483647;
			files = (
				6E63EA262A3B042E00267F0C /* RFRepoFinderVM.swift in Sources */,
				6EF8C2852A3B190100DB0E28 /* Constants.swift in Sources */,
				6EF8C28D2A3B2ECB00DB0E28 /* LoaderView.swift in Sources */,
				6E53284B2A3B02ED0075CF37 /* RFHomeVC.swift in Sources */,
				6E5328512A3B02ED0075CF37 /* RepoFinder.xcdatamodeld in Sources */,
				6EF8C28B2A3B29A200DB0E28 /* UIViewController+Extension.swift in Sources */,
				6EF8C2832A3B17E100DB0E28 /* RFRepoListTVCell.swift in Sources */,
				6E5328472A3B02ED0075CF37 /* AppDelegate.swift in Sources */,
				6EF8C27C2A3B0F3200DB0E28 /* RFCommitListVC.swift in Sources */,
				6E5328492A3B02ED0075CF37 /* SceneDelegate.swift in Sources */,
				6EF8C27E2A3B0F9D00DB0E28 /* RFUserDetailsVC.swift in Sources */,
				6EF8C2872A3B241500DB0E28 /* RepositoryModels.swift in Sources */,
				6EF8C2892A3B24EA00DB0E28 /* GitHubApiClient.swift in Sources */,
				6EF8C27A2A3B084C00DB0E28 /* RFRepoDetailsVC.swift in Sources */,
				6EF8C2812A3B102200DB0E28 /* UIStoryboard+Extension.swift in Sources */,
			);
			runOnlyForDeploymentPostprocessing = 0;
		};
		6E5328582A3B02EE0075CF37 /* Sources */ = {
			isa = PBXSourcesBuildPhase;
			buildActionMask = 2147483647;
			files = (
				6E5328612A3B02EE0075CF37 /* RepoFinderTests.swift in Sources */,
			);
			runOnlyForDeploymentPostprocessing = 0;
		};
		6E5328622A3B02EE0075CF37 /* Sources */ = {
			isa = PBXSourcesBuildPhase;
			buildActionMask = 2147483647;
			files = (
				6E53286D2A3B02EE0075CF37 /* RepoFinderUITestsLaunchTests.swift in Sources */,
				6E53286B2A3B02EE0075CF37 /* RepoFinderUITests.swift in Sources */,
			);
			runOnlyForDeploymentPostprocessing = 0;
		};
/* End PBXSourcesBuildPhase section */

/* Begin PBXTargetDependency section */
		6E53285E2A3B02EE0075CF37 /* PBXTargetDependency */ = {
			isa = PBXTargetDependency;
			target = 6E5328422A3B02ED0075CF37 /* RepoFinder */;
			targetProxy = 6E53285D2A3B02EE0075CF37 /* PBXContainerItemProxy */;
		};
		6E5328682A3B02EE0075CF37 /* PBXTargetDependency */ = {
			isa = PBXTargetDependency;
			target = 6E5328422A3B02ED0075CF37 /* RepoFinder */;
			targetProxy = 6E5328672A3B02EE0075CF37 /* PBXContainerItemProxy */;
		};
/* End PBXTargetDependency section */

/* Begin PBXVariantGroup section */
		6E53284C2A3B02ED0075CF37 /* Main.storyboard */ = {
			isa = PBXVariantGroup;
			children = (
				6E53284D2A3B02ED0075CF37 /* Base */,
			);
			name = Main.storyboard;
			sourceTree = "<group>";
		};
		6E5328542A3B02ED0075CF37 /* LaunchScreen.storyboard */ = {
			isa = PBXVariantGroup;
			children = (
				6E5328552A3B02ED0075CF37 /* Base */,
			);
			name = LaunchScreen.storyboard;
			sourceTree = "<group>";
		};
/* End PBXVariantGroup section */

/* Begin XCBuildConfiguration section */
		6E53286E2A3B02EE0075CF37 /* Debug */ = {
			isa = XCBuildConfiguration;
			buildSettings = {
				ALWAYS_SEARCH_USER_PATHS = NO;
				CLANG_ANALYZER_NONNULL = YES;
				CLANG_ANALYZER_NUMBER_OBJECT_CONVERSION = YES_AGGRESSIVE;
				CLANG_CXX_LANGUAGE_STANDARD = "gnu++20";
				CLANG_ENABLE_MODULES = YES;
				CLANG_ENABLE_OBJC_ARC = YES;
				CLANG_ENABLE_OBJC_WEAK = YES;
				CLANG_WARN_BLOCK_CAPTURE_AUTORELEASING = YES;
				CLANG_WARN_BOOL_CONVERSION = YES;
				CLANG_WARN_COMMA = YES;
				CLANG_WARN_CONSTANT_CONVERSION = YES;
				CLANG_WARN_DEPRECATED_OBJC_IMPLEMENTATIONS = YES;
				CLANG_WARN_DIRECT_OBJC_ISA_USAGE = YES_ERROR;
				CLANG_WARN_DOCUMENTATION_COMMENTS = YES;
				CLANG_WARN_EMPTY_BODY = YES;
				CLANG_WARN_ENUM_CONVERSION = YES;
				CLANG_WARN_INFINITE_RECURSION = YES;
				CLANG_WARN_INT_CONVERSION = YES;
				CLANG_WARN_NON_LITERAL_NULL_CONVERSION = YES;
				CLANG_WARN_OBJC_IMPLICIT_RETAIN_SELF = YES;
				CLANG_WARN_OBJC_LITERAL_CONVERSION = YES;
				CLANG_WARN_OBJC_ROOT_CLASS = YES_ERROR;
				CLANG_WARN_QUOTED_INCLUDE_IN_FRAMEWORK_HEADER = YES;
				CLANG_WARN_RANGE_LOOP_ANALYSIS = YES;
				CLANG_WARN_STRICT_PROTOTYPES = YES;
				CLANG_WARN_SUSPICIOUS_MOVE = YES;
				CLANG_WARN_UNGUARDED_AVAILABILITY = YES_AGGRESSIVE;
				CLANG_WARN_UNREACHABLE_CODE = YES;
				CLANG_WARN__DUPLICATE_METHOD_MATCH = YES;
				COPY_PHASE_STRIP = NO;
				DEBUG_INFORMATION_FORMAT = dwarf;
				ENABLE_STRICT_OBJC_MSGSEND = YES;
				ENABLE_TESTABILITY = YES;
				GCC_C_LANGUAGE_STANDARD = gnu11;
				GCC_DYNAMIC_NO_PIC = NO;
				GCC_NO_COMMON_BLOCKS = YES;
				GCC_OPTIMIZATION_LEVEL = 0;
				GCC_PREPROCESSOR_DEFINITIONS = (
					"DEBUG=1",
					"$(inherited)",
				);
				GCC_WARN_64_TO_32_BIT_CONVERSION = YES;
				GCC_WARN_ABOUT_RETURN_TYPE = YES_ERROR;
				GCC_WARN_UNDECLARED_SELECTOR = YES;
				GCC_WARN_UNINITIALIZED_AUTOS = YES_AGGRESSIVE;
				GCC_WARN_UNUSED_FUNCTION = YES;
				GCC_WARN_UNUSED_VARIABLE = YES;
				IPHONEOS_DEPLOYMENT_TARGET = 16.4;
				MTL_ENABLE_DEBUG_INFO = INCLUDE_SOURCE;
				MTL_FAST_MATH = YES;
				ONLY_ACTIVE_ARCH = YES;
				SDKROOT = iphoneos;
				SWIFT_ACTIVE_COMPILATION_CONDITIONS = DEBUG;
				SWIFT_OPTIMIZATION_LEVEL = "-Onone";
			};
			name = Debug;
		};
		6E53286F2A3B02EE0075CF37 /* Release */ = {
			isa = XCBuildConfiguration;
			buildSettings = {
				ALWAYS_SEARCH_USER_PATHS = NO;
				CLANG_ANALYZER_NONNULL = YES;
				CLANG_ANALYZER_NUMBER_OBJECT_CONVERSION = YES_AGGRESSIVE;
				CLANG_CXX_LANGUAGE_STANDARD = "gnu++20";
				CLANG_ENABLE_MODULES = YES;
				CLANG_ENABLE_OBJC_ARC = YES;
				CLANG_ENABLE_OBJC_WEAK = YES;
				CLANG_WARN_BLOCK_CAPTURE_AUTORELEASING = YES;
				CLANG_WARN_BOOL_CONVERSION = YES;
				CLANG_WARN_COMMA = YES;
				CLANG_WARN_CONSTANT_CONVERSION = YES;
				CLANG_WARN_DEPRECATED_OBJC_IMPLEMENTATIONS = YES;
				CLANG_WARN_DIRECT_OBJC_ISA_USAGE = YES_ERROR;
				CLANG_WARN_DOCUMENTATION_COMMENTS = YES;
				CLANG_WARN_EMPTY_BODY = YES;
				CLANG_WARN_ENUM_CONVERSION = YES;
				CLANG_WARN_INFINITE_RECURSION = YES;
				CLANG_WARN_INT_CONVERSION = YES;
				CLANG_WARN_NON_LITERAL_NULL_CONVERSION = YES;
				CLANG_WARN_OBJC_IMPLICIT_RETAIN_SELF = YES;
				CLANG_WARN_OBJC_LITERAL_CONVERSION = YES;
				CLANG_WARN_OBJC_ROOT_CLASS = YES_ERROR;
				CLANG_WARN_QUOTED_INCLUDE_IN_FRAMEWORK_HEADER = YES;
				CLANG_WARN_RANGE_LOOP_ANALYSIS = YES;
				CLANG_WARN_STRICT_PROTOTYPES = YES;
				CLANG_WARN_SUSPICIOUS_MOVE = YES;
				CLANG_WARN_UNGUARDED_AVAILABILITY = YES_AGGRESSIVE;
				CLANG_WARN_UNREACHABLE_CODE = YES;
				CLANG_WARN__DUPLICATE_METHOD_MATCH = YES;
				COPY_PHASE_STRIP = NO;
				DEBUG_INFORMATION_FORMAT = "dwarf-with-dsym";
				ENABLE_NS_ASSERTIONS = NO;
				ENABLE_STRICT_OBJC_MSGSEND = YES;
				GCC_C_LANGUAGE_STANDARD = gnu11;
				GCC_NO_COMMON_BLOCKS = YES;
				GCC_WARN_64_TO_32_BIT_CONVERSION = YES;
				GCC_WARN_ABOUT_RETURN_TYPE = YES_ERROR;
				GCC_WARN_UNDECLARED_SELECTOR = YES;
				GCC_WARN_UNINITIALIZED_AUTOS = YES_AGGRESSIVE;
				GCC_WARN_UNUSED_FUNCTION = YES;
				GCC_WARN_UNUSED_VARIABLE = YES;
				IPHONEOS_DEPLOYMENT_TARGET = 16.4;
				MTL_ENABLE_DEBUG_INFO = NO;
				MTL_FAST_MATH = YES;
				SDKROOT = iphoneos;
				SWIFT_COMPILATION_MODE = wholemodule;
				SWIFT_OPTIMIZATION_LEVEL = "-O";
				VALIDATE_PRODUCT = YES;
			};
			name = Release;
		};
		6E5328712A3B02EE0075CF37 /* Debug */ = {
			isa = XCBuildConfiguration;
			buildSettings = {
				ASSETCATALOG_COMPILER_APPICON_NAME = AppIcon;
				ASSETCATALOG_COMPILER_GLOBAL_ACCENT_COLOR_NAME = AccentColor;
				CODE_SIGN_STYLE = Automatic;
				CURRENT_PROJECT_VERSION = 1;
				DEVELOPMENT_TEAM = J4YMHZ4N5X;
				GENERATE_INFOPLIST_FILE = YES;
				INFOPLIST_FILE = RepoFinder/Info.plist;
				INFOPLIST_KEY_UIApplicationSupportsIndirectInputEvents = YES;
				INFOPLIST_KEY_UILaunchStoryboardName = LaunchScreen;
				INFOPLIST_KEY_UIMainStoryboardFile = Main;
				INFOPLIST_KEY_UISupportedInterfaceOrientations = UIInterfaceOrientationPortrait;
				LD_RUNPATH_SEARCH_PATHS = (
					"$(inherited)",
					"@executable_path/Frameworks",
				);
				MARKETING_VERSION = 1.0;
				PRODUCT_BUNDLE_IDENTIFIER = com.amitnama.RepoFinder;
				PRODUCT_NAME = "$(TARGET_NAME)";
				SWIFT_EMIT_LOC_STRINGS = YES;
				SWIFT_VERSION = 5.0;
				TARGETED_DEVICE_FAMILY = "1,2";
			};
			name = Debug;
		};
		6E5328722A3B02EE0075CF37 /* Release */ = {
			isa = XCBuildConfiguration;
			buildSettings = {
				ASSETCATALOG_COMPILER_APPICON_NAME = AppIcon;
				ASSETCATALOG_COMPILER_GLOBAL_ACCENT_COLOR_NAME = AccentColor;
				CODE_SIGN_STYLE = Automatic;
				CURRENT_PROJECT_VERSION = 1;
				DEVELOPMENT_TEAM = J4YMHZ4N5X;
				GENERATE_INFOPLIST_FILE = YES;
				INFOPLIST_FILE = RepoFinder/Info.plist;
				INFOPLIST_KEY_UIApplicationSupportsIndirectInputEvents = YES;
				INFOPLIST_KEY_UILaunchStoryboardName = LaunchScreen;
				INFOPLIST_KEY_UIMainStoryboardFile = Main;
				INFOPLIST_KEY_UISupportedInterfaceOrientations = UIInterfaceOrientationPortrait;
				LD_RUNPATH_SEARCH_PATHS = (
					"$(inherited)",
					"@executable_path/Frameworks",
				);
				MARKETING_VERSION = 1.0;
				PRODUCT_BUNDLE_IDENTIFIER = com.amitnama.RepoFinder;
				PRODUCT_NAME = "$(TARGET_NAME)";
				SWIFT_EMIT_LOC_STRINGS = YES;
				SWIFT_VERSION = 5.0;
				TARGETED_DEVICE_FAMILY = "1,2";
			};
			name = Release;
		};
		6E5328742A3B02EE0075CF37 /* Debug */ = {
			isa = XCBuildConfiguration;
			buildSettings = {
				ALWAYS_EMBED_SWIFT_STANDARD_LIBRARIES = YES;
				BUNDLE_LOADER = "$(TEST_HOST)";
				CODE_SIGN_STYLE = Automatic;
				CURRENT_PROJECT_VERSION = 1;
				DEVELOPMENT_TEAM = J4YMHZ4N5X;
				GENERATE_INFOPLIST_FILE = YES;
				IPHONEOS_DEPLOYMENT_TARGET = 16.4;
				MARKETING_VERSION = 1.0;
				PRODUCT_BUNDLE_IDENTIFIER = com.amitnama.RepoFinderTests;
				PRODUCT_NAME = "$(TARGET_NAME)";
				SWIFT_EMIT_LOC_STRINGS = NO;
				SWIFT_VERSION = 5.0;
				TARGETED_DEVICE_FAMILY = "1,2";
				TEST_HOST = "$(BUILT_PRODUCTS_DIR)/RepoFinder.app/$(BUNDLE_EXECUTABLE_FOLDER_PATH)/RepoFinder";
			};
			name = Debug;
		};
		6E5328752A3B02EE0075CF37 /* Release */ = {
			isa = XCBuildConfiguration;
			buildSettings = {
				ALWAYS_EMBED_SWIFT_STANDARD_LIBRARIES = YES;
				BUNDLE_LOADER = "$(TEST_HOST)";
				CODE_SIGN_STYLE = Automatic;
				CURRENT_PROJECT_VERSION = 1;
				DEVELOPMENT_TEAM = J4YMHZ4N5X;
				GENERATE_INFOPLIST_FILE = YES;
				IPHONEOS_DEPLOYMENT_TARGET = 16.4;
				MARKETING_VERSION = 1.0;
				PRODUCT_BUNDLE_IDENTIFIER = com.amitnama.RepoFinderTests;
				PRODUCT_NAME = "$(TARGET_NAME)";
				SWIFT_EMIT_LOC_STRINGS = NO;
				SWIFT_VERSION = 5.0;
				TARGETED_DEVICE_FAMILY = "1,2";
				TEST_HOST = "$(BUILT_PRODUCTS_DIR)/RepoFinder.app/$(BUNDLE_EXECUTABLE_FOLDER_PATH)/RepoFinder";
			};
			name = Release;
		};
		6E5328772A3B02EE0075CF37 /* Debug */ = {
			isa = XCBuildConfiguration;
			buildSettings = {
				ALWAYS_EMBED_SWIFT_STANDARD_LIBRARIES = YES;
				CODE_SIGN_STYLE = Automatic;
				CURRENT_PROJECT_VERSION = 1;
				DEVELOPMENT_TEAM = J4YMHZ4N5X;
				GENERATE_INFOPLIST_FILE = YES;
				MARKETING_VERSION = 1.0;
				PRODUCT_BUNDLE_IDENTIFIER = com.amitnama.RepoFinderUITests;
				PRODUCT_NAME = "$(TARGET_NAME)";
				SWIFT_EMIT_LOC_STRINGS = NO;
				SWIFT_VERSION = 5.0;
				TARGETED_DEVICE_FAMILY = "1,2";
				TEST_TARGET_NAME = RepoFinder;
			};
			name = Debug;
		};
		6E5328782A3B02EE0075CF37 /* Release */ = {
			isa = XCBuildConfiguration;
			buildSettings = {
				ALWAYS_EMBED_SWIFT_STANDARD_LIBRARIES = YES;
				CODE_SIGN_STYLE = Automatic;
				CURRENT_PROJECT_VERSION = 1;
				DEVELOPMENT_TEAM = J4YMHZ4N5X;
				GENERATE_INFOPLIST_FILE = YES;
				MARKETING_VERSION = 1.0;
				PRODUCT_BUNDLE_IDENTIFIER = com.amitnama.RepoFinderUITests;
				PRODUCT_NAME = "$(TARGET_NAME)";
				SWIFT_EMIT_LOC_STRINGS = NO;
				SWIFT_VERSION = 5.0;
				TARGETED_DEVICE_FAMILY = "1,2";
				TEST_TARGET_NAME = RepoFinder;
			};
			name = Release;
		};
/* End XCBuildConfiguration section */

/* Begin XCConfigurationList section */
		6E53283E2A3B02ED0075CF37 /* Build configuration list for PBXProject "RepoFinder" */ = {
			isa = XCConfigurationList;
			buildConfigurations = (
				6E53286E2A3B02EE0075CF37 /* Debug */,
				6E53286F2A3B02EE0075CF37 /* Release */,
			);
			defaultConfigurationIsVisible = 0;
			defaultConfigurationName = Release;
		};
		6E5328702A3B02EE0075CF37 /* Build configuration list for PBXNativeTarget "RepoFinder" */ = {
			isa = XCConfigurationList;
			buildConfigurations = (
				6E5328712A3B02EE0075CF37 /* Debug */,
				6E5328722A3B02EE0075CF37 /* Release */,
			);
			defaultConfigurationIsVisible = 0;
			defaultConfigurationName = Release;
		};
		6E5328732A3B02EE0075CF37 /* Build configuration list for PBXNativeTarget "RepoFinderTests" */ = {
			isa = XCConfigurationList;
			buildConfigurations = (
				6E5328742A3B02EE0075CF37 /* Debug */,
				6E5328752A3B02EE0075CF37 /* Release */,
			);
			defaultConfigurationIsVisible = 0;
			defaultConfigurationName = Release;
		};
		6E5328762A3B02EE0075CF37 /* Build configuration list for PBXNativeTarget "RepoFinderUITests" */ = {
			isa = XCConfigurationList;
			buildConfigurations = (
				6E5328772A3B02EE0075CF37 /* Debug */,
				6E5328782A3B02EE0075CF37 /* Release */,
			);
			defaultConfigurationIsVisible = 0;
			defaultConfigurationName = Release;
		};
/* End XCConfigurationList section */

/* Begin XCVersionGroup section */
		6E53284F2A3B02ED0075CF37 /* RepoFinder.xcdatamodeld */ = {
			isa = XCVersionGroup;
			children = (
				6E5328502A3B02ED0075CF37 /* RepoFinder.xcdatamodel */,
			);
			currentVersion = 6E5328502A3B02ED0075CF37 /* RepoFinder.xcdatamodel */;
			path = RepoFinder.xcdatamodeld;
			sourceTree = "<group>";
			versionGroupType = wrapper.xcdatamodel;
		};
/* End XCVersionGroup section */
	};
	rootObject = 6E53283B2A3B02ED0075CF37 /* Project object */;
}
